
Microsoft Visual Studio Solution File, Format Version 12.00
# Visual Studio Version 16
VisualStudioVersion = 16.0.30523.141
MinimumVisualStudioVersion = 10.0.40219.1
Project("{9A19103F-16F7-4668-BE54-9A1E7A4F7556}") = "SedcServer", "SedcServer.csproj", "{F8796EF4-A759-40BF-844F-EF9D0251642C}"
EndProject
Project("{9A19103F-16F7-4668-BE54-9A1E7A4F7556}") = "StringBuilderDemo", "..\StringBuilderDemo\StringBuilderDemo.csproj", "{F5DBBF9D-4CF6-4A48-9B68-B82769D61CA6}"
EndProject
Project("{9A19103F-16F7-4668-BE54-9A1E7A4F7556}") = "ServerEntities", "..\ServerEntities\ServerEntities.csproj", "{5CAB5531-A90B-4EBA-AE27-D094524C6B47}"
EndProject
Project("{9A19103F-16F7-4668-BE54-9A1E7A4F7556}") = "ServerTests", "..\ServerTests\ServerTests.csproj", "{B0C06143-2F97-43FB-BB64-BDB3CDE29C25}"
EndProject
Project("{9A19103F-16F7-4668-BE54-9A1E7A4F7556}") = "Server.Tests", "..\Server.Tests\Server.Tests.csproj", "{5E26BA09-0FC1-4E98-B8AE-09968BEF7E18}"
EndProject
Project("{9A19103F-16F7-4668-BE54-9A1E7A4F7556}") = "RegexDemo", "..\RegexDemo\RegexDemo.csproj", "{BE692768-8BF0-4497-BB7B-66FE638B5ECA}"
EndProject
Project("{9A19103F-16F7-4668-BE54-9A1E7A4F7556}") = "ServerCore", "..\ServerCore\ServerCore.csproj", "{21A0EAED-68EB-4EE1-83AC-3E0275EBBF84}"
EndProject
Project("{9A19103F-16F7-4668-BE54-9A1E7A4F7556}") = "ReflectionDemo", "..\ReflectionDemo\ReflectionDemo.csproj", "{3D62AB10-EEC1-45B7-8D6C-28CBA1A2FD9C}"
EndProject
Project("{2150E333-8FDC-42A3-9474-1A3956D46DE8}") = "Demos", "Demos", "{0556B767-CC94-40BA-BBE8-1775BCC3AC64}"
EndProject
Project("{9A19103F-16F7-4668-BE54-9A1E7A4F7556}") = "AsyncDemo", "..\AsyncDemo\AsyncDemo.csproj", "{7D24968E-0ADF-4EC0-9910-E0F872BC8FAE}"
EndProject
Project("{9A19103F-16F7-4668-BE54-9A1E7A4F7556}") = "SedcJsonSerializer", "..\SedcJsonSerializer\SedcJsonSerializer.csproj", "{182197B2-437C-4DEB-B78E-16E8C0EBF295}"
EndProject
Project("{9A19103F-16F7-4668-BE54-9A1E7A4F7556}") = "SedcJsonSerializer.Tests", "..\SedcJsonSerializer.Tests\SedcJsonSerializer.Tests.csproj", "{D9727F41-59C4-4379-939B-675CE784CA1F}"
EndProject
Project("{9A19103F-16F7-4668-BE54-9A1E7A4F7556}") = "NineDemos", "..\NineDemos\NineDemos.csproj", "{EEBE5E24-CED3-4B8D-B13C-57EBBD53F88A}"
EndProject
Project("{9A19103F-16F7-4668-BE54-9A1E7A4F7556}") = "TopLevelDemo", "..\TopLevelDemo\TopLevelDemo.csproj", "{7CFAC7B3-1FA9-48DD-8A2C-E90CBD1B251F}"
EndProject
Project("{9A19103F-16F7-4668-BE54-9A1E7A4F7556}") = "Fibonacci", "..\Fibonacci\Fibonacci.csproj", "{AE4A1A33-3268-442A-9CFA-F103715D63A7}"
EndProject
Project("{FAE04EC0-301F-11D3-BF4B-00C04F79EFBC}") = "SedcWebSocketServer", "..\SedcWebSocketServer\SedcWebSocketServer.csproj", "{39BF32E0-2587-4BE8-940E-F809D1B1C5BB}"
EndProject
Global
	GlobalSection(SolutionConfigurationPlatforms) = preSolution
		Debug|Any CPU = Debug|Any CPU
		Release|Any CPU = Release|Any CPU
	EndGlobalSection
	GlobalSection(ProjectConfigurationPlatforms) = postSolution
		{F8796EF4-A759-40BF-844F-EF9D0251642C}.Debug|Any CPU.ActiveCfg = Debug|Any CPU
		{F8796EF4-A759-40BF-844F-EF9D0251642C}.Debug|Any CPU.Build.0 = Debug|Any CPU
		{F8796EF4-A759-40BF-844F-EF9D0251642C}.Release|Any CPU.ActiveCfg = Release|Any CPU
		{F8796EF4-A759-40BF-844F-EF9D0251642C}.Release|Any CPU.Build.0 = Release|Any CPU
		{F5DBBF9D-4CF6-4A48-9B68-B82769D61CA6}.Debug|Any CPU.ActiveCfg = Debug|Any CPU
		{F5DBBF9D-4CF6-4A48-9B68-B82769D61CA6}.Debug|Any CPU.Build.0 = Debug|Any CPU
		{F5DBBF9D-4CF6-4A48-9B68-B82769D61CA6}.Release|Any CPU.ActiveCfg = Release|Any CPU
		{F5DBBF9D-4CF6-4A48-9B68-B82769D61CA6}.Release|Any CPU.Build.0 = Release|Any CPU
		{5CAB5531-A90B-4EBA-AE27-D094524C6B47}.Debug|Any CPU.ActiveCfg = Debug|Any CPU
		{5CAB5531-A90B-4EBA-AE27-D094524C6B47}.Debug|Any CPU.Build.0 = Debug|Any CPU
		{5CAB5531-A90B-4EBA-AE27-D094524C6B47}.Release|Any CPU.ActiveCfg = Release|Any CPU
		{5CAB5531-A90B-4EBA-AE27-D094524C6B47}.Release|Any CPU.Build.0 = Release|Any CPU
		{B0C06143-2F97-43FB-BB64-BDB3CDE29C25}.Debug|Any CPU.ActiveCfg = Debug|Any CPU
		{B0C06143-2F97-43FB-BB64-BDB3CDE29C25}.Debug|Any CPU.Build.0 = Debug|Any CPU
		{B0C06143-2F97-43FB-BB64-BDB3CDE29C25}.Release|Any CPU.ActiveCfg = Release|Any CPU
		{B0C06143-2F97-43FB-BB64-BDB3CDE29C25}.Release|Any CPU.Build.0 = Release|Any CPU
		{5E26BA09-0FC1-4E98-B8AE-09968BEF7E18}.Debug|Any CPU.ActiveCfg = Debug|Any CPU
		{5E26BA09-0FC1-4E98-B8AE-09968BEF7E18}.Debug|Any CPU.Build.0 = Debug|Any CPU
		{5E26BA09-0FC1-4E98-B8AE-09968BEF7E18}.Release|Any CPU.ActiveCfg = Release|Any CPU
		{5E26BA09-0FC1-4E98-B8AE-09968BEF7E18}.Release|Any CPU.Build.0 = Release|Any CPU
		{BE692768-8BF0-4497-BB7B-66FE638B5ECA}.Debug|Any CPU.ActiveCfg = Debug|Any CPU
		{BE692768-8BF0-4497-BB7B-66FE638B5ECA}.Debug|Any CPU.Build.0 = Debug|Any CPU
		{BE692768-8BF0-4497-BB7B-66FE638B5ECA}.Release|Any CPU.ActiveCfg = Release|Any CPU
		{BE692768-8BF0-4497-BB7B-66FE638B5ECA}.Release|Any CPU.Build.0 = Release|Any CPU
		{21A0EAED-68EB-4EE1-83AC-3E0275EBBF84}.Debug|Any CPU.ActiveCfg = Debug|Any CPU
		{21A0EAED-68EB-4EE1-83AC-3E0275EBBF84}.Debug|Any CPU.Build.0 = Debug|Any CPU
		{21A0EAED-68EB-4EE1-83AC-3E0275EBBF84}.Release|Any CPU.ActiveCfg = Release|Any CPU
		{21A0EAED-68EB-4EE1-83AC-3E0275EBBF84}.Release|Any CPU.Build.0 = Release|Any CPU
		{3D62AB10-EEC1-45B7-8D6C-28CBA1A2FD9C}.Debug|Any CPU.ActiveCfg = Debug|Any CPU
		{3D62AB10-EEC1-45B7-8D6C-28CBA1A2FD9C}.Debug|Any CPU.Build.0 = Debug|Any CPU
		{3D62AB10-EEC1-45B7-8D6C-28CBA1A2FD9C}.Release|Any CPU.ActiveCfg = Release|Any CPU
		{3D62AB10-EEC1-45B7-8D6C-28CBA1A2FD9C}.Release|Any CPU.Build.0 = Release|Any CPU
		{7D24968E-0ADF-4EC0-9910-E0F872BC8FAE}.Debug|Any CPU.ActiveCfg = Debug|Any CPU
		{7D24968E-0ADF-4EC0-9910-E0F872BC8FAE}.Debug|Any CPU.Build.0 = Debug|Any CPU
		{7D24968E-0ADF-4EC0-9910-E0F872BC8FAE}.Release|Any CPU.ActiveCfg = Release|Any CPU
		{7D24968E-0ADF-4EC0-9910-E0F872BC8FAE}.Release|Any CPU.Build.0 = Release|Any CPU
		{182197B2-437C-4DEB-B78E-16E8C0EBF295}.Debug|Any CPU.ActiveCfg = Debug|Any CPU
		{182197B2-437C-4DEB-B78E-16E8C0EBF295}.Debug|Any CPU.Build.0 = Debug|Any CPU
		{182197B2-437C-4DEB-B78E-16E8C0EBF295}.Release|Any CPU.ActiveCfg = Release|Any CPU
		{182197B2-437C-4DEB-B78E-16E8C0EBF295}.Release|Any CPU.Build.0 = Release|Any CPU
		{D9727F41-59C4-4379-939B-675CE784CA1F}.Debug|Any CPU.ActiveCfg = Debug|Any CPU
		{D9727F41-59C4-4379-939B-675CE784CA1F}.Debug|Any CPU.Build.0 = Debug|Any CPU
		{D9727F41-59C4-4379-939B-675CE784CA1F}.Release|Any CPU.ActiveCfg = Release|Any CPU
		{D9727F41-59C4-4379-939B-675CE784CA1F}.Release|Any CPU.Build.0 = Release|Any CPU
		{EEBE5E24-CED3-4B8D-B13C-57EBBD53F88A}.Debug|Any CPU.ActiveCfg = Debug|Any CPU
		{EEBE5E24-CED3-4B8D-B13C-57EBBD53F88A}.Debug|Any CPU.Build.0 = Debug|Any CPU
		{EEBE5E24-CED3-4B8D-B13C-57EBBD53F88A}.Release|Any CPU.ActiveCfg = Release|Any CPU
		{EEBE5E24-CED3-4B8D-B13C-57EBBD53F88A}.Release|Any CPU.Build.0 = Release|Any CPU
		{7CFAC7B3-1FA9-48DD-8A2C-E90CBD1B251F}.Debug|Any CPU.ActiveCfg = Debug|Any CPU
		{7CFAC7B3-1FA9-48DD-8A2C-E90CBD1B251F}.Debug|Any CPU.Build.0 = Debug|Any CPU
		{7CFAC7B3-1FA9-48DD-8A2C-E90CBD1B251F}.Release|Any CPU.ActiveCfg = Release|Any CPU
		{7CFAC7B3-1FA9-48DD-8A2C-E90CBD1B251F}.Release|Any CPU.Build.0 = Release|Any CPU
		{AE4A1A33-3268-442A-9CFA-F103715D63A7}.Debug|Any CPU.ActiveCfg = Debug|Any CPU
		{AE4A1A33-3268-442A-9CFA-F103715D63A7}.Debug|Any CPU.Build.0 = Debug|Any CPU
		{AE4A1A33-3268-442A-9CFA-F103715D63A7}.Release|Any CPU.ActiveCfg = Release|Any CPU
		{AE4A1A33-3268-442A-9CFA-F103715D63A7}.Release|Any CPU.Build.0 = Release|Any CPU
		{39BF32E0-2587-4BE8-940E-F809D1B1C5BB}.Debug|Any CPU.ActiveCfg = Debug|Any CPU
		{39BF32E0-2587-4BE8-940E-F809D1B1C5BB}.Debug|Any CPU.Build.0 = Debug|Any CPU
		{39BF32E0-2587-4BE8-940E-F809D1B1C5BB}.Release|Any CPU.ActiveCfg = Release|Any CPU
		{39BF32E0-2587-4BE8-940E-F809D1B1C5BB}.Release|Any CPU.Build.0 = Release|Any CPU
	EndGlobalSection
	GlobalSection(SolutionProperties) = preSolution
		HideSolutionNode = FALSE
	EndGlobalSection
	GlobalSection(NestedProjects) = preSolution
		{F5DBBF9D-4CF6-4A48-9B68-B82769D61CA6} = {0556B767-CC94-40BA-BBE8-1775BCC3AC64}
		{BE692768-8BF0-4497-BB7B-66FE638B5ECA} = {0556B767-CC94-40BA-BBE8-1775BCC3AC64}
		{3D62AB10-EEC1-45B7-8D6C-28CBA1A2FD9C} = {0556B767-CC94-40BA-BBE8-1775BCC3AC64}
		{7D24968E-0ADF-4EC0-9910-E0F872BC8FAE} = {0556B767-CC94-40BA-BBE8-1775BCC3AC64}
		{EEBE5E24-CED3-4B8D-B13C-57EBBD53F88A} = {0556B767-CC94-40BA-BBE8-1775BCC3AC64}
		{7CFAC7B3-1FA9-48DD-8A2C-E90CBD1B251F} = {0556B767-CC94-40BA-BBE8-1775BCC3AC64}
		{AE4A1A33-3268-442A-9CFA-F103715D63A7} = {0556B767-CC94-40BA-BBE8-1775BCC3AC64}
	EndGlobalSection
	GlobalSection(ExtensibilityGlobals) = postSolution
		SolutionGuid = {25688C3B-A683-4DFC-8421-72A88EBA8722}
	EndGlobalSection
EndGlobal
